
Microsoft Visual Studio Solution File, Format Version 12.00
# Visual Studio Version 17
VisualStudioVersion = 17.4.33205.214
MinimumVisualStudioVersion = 10.0.40219.1
Project("{FAE04EC0-301F-11D3-BF4B-00C04F79EFBC}") = "Cart", "Cart\Cart.csproj", "{C02D7AE2-C75B-4658-85A6-5DB2E1D9A0D5}"
EndProject
Global
	GlobalSection(SolutionConfigurationPlatforms) = preSolution
		Debug|Any CPU = Debug|Any CPU
		Release|Any CPU = Release|Any CPU
	EndGlobalSection
	GlobalSection(ProjectConfigurationPlatforms) = postSolution
		{C02D7AE2-C75B-4658-85A6-5DB2E1D9A0D5}.Debug|Any CPU.ActiveCfg = Debug|Any CPU
		{C02D7AE2-C75B-4658-85A6-5DB2E1D9A0D5}.Debug|Any CPU.Build.0 = Debug|Any CPU
		{C02D7AE2-C75B-4658-85A6-5DB2E1D9A0D5}.Release|Any CPU.ActiveCfg = Release|Any CPU
		{C02D7AE2-C75B-4658-85A6-5DB2E1D9A0D5}.Release|Any CPU.Build.0 = Release|Any CPU
	EndGlobalSection
	GlobalSection(SolutionProperties) = preSolution
		HideSolutionNode = FALSE
	EndGlobalSection
	GlobalSection(ExtensibilityGlobals) = postSolution
		SolutionGuid = {A7A7C80D-34AC-4965-951E-8FC1E515A5BB}
	EndGlobalSection
EndGlobal
